
Microsoft Visual Studio Solution File, Format Version 12.00
# Visual Studio Version 17
VisualStudioVersion = 17.2.32526.322
MinimumVisualStudioVersion = 10.0.40219.1
Project("{FAE04EC0-301F-11D3-BF4B-00C04F79EFBC}") = "secure_android.server", "secure_android.server\secure_android.server.csproj", "{0CF59B41-9BF8-4E15-A058-B004007F6A6D}"
EndProject
Global
	GlobalSection(SolutionConfigurationPlatforms) = preSolution
		Debug|Any CPU = Debug|Any CPU
		Release|Any CPU = Release|Any CPU
	EndGlobalSection
	GlobalSection(ProjectConfigurationPlatforms) = postSolution
		{0CF59B41-9BF8-4E15-A058-B004007F6A6D}.Debug|Any CPU.ActiveCfg = Debug|Any CPU
		{0CF59B41-9BF8-4E15-A058-B004007F6A6D}.Debug|Any CPU.Build.0 = Debug|Any CPU
		{0CF59B41-9BF8-4E15-A058-B004007F6A6D}.Release|Any CPU.ActiveCfg = Release|Any CPU
		{0CF59B41-9BF8-4E15-A058-B004007F6A6D}.Release|Any CPU.Build.0 = Release|Any CPU
	EndGlobalSection
	GlobalSection(SolutionProperties) = preSolution
		HideSolutionNode = FALSE
	EndGlobalSection
	GlobalSection(ExtensibilityGlobals) = postSolution
		SolutionGuid = {7BE8F0CD-9D8F-4ACE-9534-248993541A16}
	EndGlobalSection
EndGlobal
